{
  "name": "tsctest",
  "version": "1.0.0",
  "lockfileVersion": 1,
  "requires": true,
  "dependencies": {
    "@types/node": {
      "version": "14.14.25",
      "resolved": "https://registry.npm.taobao.org/@types/node/download/@types/node-14.14.25.tgz",
      "integrity": "sha1-FZZ6e1d/+BOD+biIqmcF1D+7rpM="
    },
    "@types/rx": {
      "version": "4.1.2",
      "resolved": "https://registry.npm.taobao.org/@types/rx/download/@types/rx-4.1.2.tgz",
      "integrity": "sha1-pAYbPXKwPPEaONaeICKhczTFTcA=",
      "requires": {
        "@types/rx-core": "*",
        "@types/rx-core-binding": "*",
        "@types/rx-lite": "*",
        "@types/rx-lite-aggregates": "*",
        "@types/rx-lite-async": "*",
        "@types/rx-lite-backpressure": "*",
        "@types/rx-lite-coincidence": "*",
        "@types/rx-lite-experimental": "*",
        "@types/rx-lite-joinpatterns": "*",
        "@types/rx-lite-testing": "*",
        "@types/rx-lite-time": "*",
        "@types/rx-lite-virtualtime": "*"
      }
    },
    "@types/rx-core": {
      "version": "4.0.3",
      "resolved": "https://registry.npm.taobao.org/@types/rx-core/download/@types/rx-core-4.0.3.tgz",
      "integrity": "sha1-CzNUsSOM7b4rdPYybxOdvHpZHWA="
    },
    "@types/rx-core-binding": {
      "version": "4.0.4",
      "resolved": "https://registry.npm.taobao.org/@types/rx-core-binding/download/@types/rx-core-binding-4.0.4.tgz?cache=0&sync_timestamp=1605057647443&other_urls=https%3A%2F%2Fregistry.npm.taobao.org%2F%40types%2Frx-core-binding%2Fdownload%2F%40types%2Frx-core-binding-4.0.4.tgz",
      "integrity": "sha1-2WnTLxWmK4nihiwXs+54/jKYGNM=",
      "requires": {
        "@types/rx-core": "*"
      }
    },
    "@types/rx-lite": {
      "version": "4.0.6",
      "resolved": "https://registry.npm.taobao.org/@types/rx-lite/download/@types/rx-lite-4.0.6.tgz?cache=0&sync_timestamp=1605057647596&other_urls=https%3A%2F%2Fregistry.npm.taobao.org%2F%40types%2Frx-lite%2Fdownload%2F%40types%2Frx-lite-4.0.6.tgz",
      "integrity": "sha1-PAKSHEJEB0I08mt3IkG8wgwYwlM=",
      "requires": {
        "@types/rx-core": "*",
        "@types/rx-core-binding": "*"
      }
    },
    "@types/rx-lite-aggregates": {
      "version": "4.0.3",
      "resolved": "https://registry.npm.taobao.org/@types/rx-lite-aggregates/download/@types/rx-lite-aggregates-4.0.3.tgz?cache=0&other_urls=https%3A%2F%2Fregistry.npm.taobao.org%2F%40types%2Frx-lite-aggregates%2Fdownload%2F%40types%2Frx-lite-aggregates-4.0.3.tgz",
      "integrity": "sha1-bvsrfz1fBxg6HLK9SxNx1wczhMI=",
      "requires": {
        "@types/rx-lite": "*"
      }
    },
    "@types/rx-lite-async": {
      "version": "4.0.2",
      "resolved": "https://registry.npm.taobao.org/@types/rx-lite-async/download/@types/rx-lite-async-4.0.2.tgz",
      "integrity": "sha1-J/vwyu/wKfQeLSquY4sF6RzrYAw=",
      "requires": {
        "@types/rx-lite": "*"
      }
    },
    "@types/rx-lite-backpressure": {
      "version": "4.0.3",
      "resolved": "https://registry.npm.taobao.org/@types/rx-lite-backpressure/download/@types/rx-lite-backpressure-4.0.3.tgz",
      "integrity": "sha1-Bauxm9+HzHQBlsNV5dCze7ULXVY=",
      "requires": {
        "@types/rx-lite": "*"
      }
    },
    "@types/rx-lite-coincidence": {
      "version": "4.0.3",
      "resolved": "https://registry.npm.taobao.org/@types/rx-lite-coincidence/download/@types/rx-lite-coincidence-4.0.3.tgz",
      "integrity": "sha1-gL1prMQFShXNwWOOLciENJjNhcA=",
      "requires": {
        "@types/rx-lite": "*"
      }
    },
    "@types/rx-lite-experimental": {
      "version": "4.0.1",
      "resolved": "https://registry.npm.taobao.org/@types/rx-lite-experimental/download/@types/rx-lite-experimental-4.0.1.tgz",
      "integrity": "sha1-xTL1y98/LBXaFt7Ykw0bKYQCPL0=",
      "requires": {
        "@types/rx-lite": "*"
      }
    },
    "@types/rx-lite-joinpatterns": {
      "version": "4.0.1",
      "resolved": "https://registry.npm.taobao.org/@types/rx-lite-joinpatterns/download/@types/rx-lite-joinpatterns-4.0.1.tgz",
      "integrity": "sha1-9w/jcFGKhDLykVjMkv+1a05K/D4=",
      "requires": {
        "@types/rx-lite": "*"
      }
    },
    "@types/rx-lite-testing": {
      "version": "4.0.1",
      "resolved": "https://registry.npm.taobao.org/@types/rx-lite-testing/download/@types/rx-lite-testing-4.0.1.tgz",
      "integrity": "sha1-IbGdEfTf1v/vWp0WSOnIh5v+Iek=",
      "requires": {
        "@types/rx-lite-virtualtime": "*"
      }
    },
    "@types/rx-lite-time": {
      "version": "4.0.3",
      "resolved": "https://registry.npm.taobao.org/@types/rx-lite-time/download/@types/rx-lite-time-4.0.3.tgz",
      "integrity": "sha1-DtplR0VwI3WY80SLhF0mlvLbscQ=",
      "requires": {
        "@types/rx-lite": "*"
      }
    },
    "@types/rx-lite-virtualtime": {
      "version": "4.0.3",
      "resolved": "https://registry.npm.taobao.org/@types/rx-lite-virtualtime/download/@types/rx-lite-virtualtime-4.0.3.tgz",
      "integrity": "sha1-SzDKzQ/i5TrynwT3Q4WEx9OVlTc=",
      "requires": {
        "@types/rx-lite": "*"
      }
    },
    "rxjs": {
      "version": "6.6.3",
      "resolved": "https://registry.npm.taobao.org/rxjs/download/rxjs-6.6.3.tgz?cache=0&sync_timestamp=1610927507398&other_urls=https%3A%2F%2Fregistry.npm.taobao.org%2Frxjs%2Fdownload%2Frxjs-6.6.3.tgz",
      "integrity": "sha1-jKhGNcTaqQDA05Z6buesYCce5VI=",
      "requires": {
        "tslib": "^1.9.0"
      }
    },
    "tslib": {
      "version": "1.14.1",
      "resolved": "https://registry.npm.taobao.org/tslib/download/tslib-1.14.1.tgz?cache=0&sync_timestamp=1609887446826&other_urls=https%3A%2F%2Fregistry.npm.taobao.org%2Ftslib%2Fdownload%2Ftslib-1.14.1.tgz",
      "integrity": "sha1-zy04vcNKE0vK8QkcQfZhni9nLQA="
    }
  }
}
